
Microsoft Visual Studio Solution File, Format Version 12.00
# Visual Studio Version 17
VisualStudioVersion = 17.0.32014.148
MinimumVisualStudioVersion = 10.0.40219.1
Project("{FAE04EC0-301F-11D3-BF4B-00C04F79EFBC}") = "Client", "UDP Socket\Client.csproj", "{0CC59E7B-87AB-4380-840D-44FDF144464F}"
EndProject
Project("{FAE04EC0-301F-11D3-BF4B-00C04F79EFBC}") = "server", "server\server.csproj", "{75361B83-0997-479F-9DB9-02CC44AFDFA0}"
EndProject
Global
	GlobalSection(SolutionConfigurationPlatforms) = preSolution
		Debug|Any CPU = Debug|Any CPU
		Release|Any CPU = Release|Any CPU
	EndGlobalSection
	GlobalSection(ProjectConfigurationPlatforms) = postSolution
		{0CC59E7B-87AB-4380-840D-44FDF144464F}.Debug|Any CPU.ActiveCfg = Debug|Any CPU
		{0CC59E7B-87AB-4380-840D-44FDF144464F}.Debug|Any CPU.Build.0 = Debug|Any CPU
		{0CC59E7B-87AB-4380-840D-44FDF144464F}.Release|Any CPU.ActiveCfg = Release|Any CPU
		{0CC59E7B-87AB-4380-840D-44FDF144464F}.Release|Any CPU.Build.0 = Release|Any CPU
		{75361B83-0997-479F-9DB9-02CC44AFDFA0}.Debug|Any CPU.ActiveCfg = Debug|Any CPU
		{75361B83-0997-479F-9DB9-02CC44AFDFA0}.Debug|Any CPU.Build.0 = Debug|Any CPU
		{75361B83-0997-479F-9DB9-02CC44AFDFA0}.Release|Any CPU.ActiveCfg = Release|Any CPU
		{75361B83-0997-479F-9DB9-02CC44AFDFA0}.Release|Any CPU.Build.0 = Release|Any CPU
	EndGlobalSection
	GlobalSection(SolutionProperties) = preSolution
		HideSolutionNode = FALSE
	EndGlobalSection
	GlobalSection(ExtensibilityGlobals) = postSolution
		SolutionGuid = {31EEF759-FB86-43C1-8849-1091E075057D}
	EndGlobalSection
EndGlobal
